// !$*UTF8*$!
{
	archiveVersion = 1;
	classes = {
	};
	objectVersion = 54;
	objects = {

/* Begin PBXBuildFile section */
		00E356F31AD99517003FC87E /* TreeTaskTests.m in Sources */ = {isa = PBXBuildFile; fileRef = 00E356F21AD99517003FC87E /* TreeTaskTests.m */; };
		1366385BD9685BB7AE9B882F /* libPods-TreeTask.a in Frameworks */ = {isa = PBXBuildFile; fileRef = 3421A51B67F43D9336D7D318 /* libPods-TreeTask.a */; };
		13B07FBC1A68108700A75B9A /* AppDelegate.m in Sources */ = {isa = PBXBuildFile; fileRef = 13B07FB01A68108700A75B9A /* AppDelegate.m */; };
		13B07FBF1A68108700A75B9A /* Images.xcassets in Resources */ = {isa = PBXBuildFile; fileRef = 13B07FB51A68108700A75B9A /* Images.xcassets */; };
		13B07FC11A68108700A75B9A /* main.m in Sources */ = {isa = PBXBuildFile; fileRef = 13B07FB71A68108700A75B9A /* main.m */; };
		3167637B7225057D27002B20 /* libPods-TreeTask-TreeTaskTests.a in Frameworks */ = {isa = PBXBuildFile; fileRef = BBB257013EAA4703E01BF401 /* libPods-TreeTask-TreeTaskTests.a */; };
		7A84C73B27E9345300439F90 /* FontAwesome5_Solid.ttf in Resources */ = {isa = PBXBuildFile; fileRef = 7A84C72B27E9345300439F90 /* FontAwesome5_Solid.ttf */; };
		7A84C73C27E9345300439F90 /* Octicons.ttf in Resources */ = {isa = PBXBuildFile; fileRef = 7A84C72C27E9345300439F90 /* Octicons.ttf */; };
		7A84C74227E9345300439F90 /* MaterialCommunityIcons.ttf in Resources */ = {isa = PBXBuildFile; fileRef = 7A84C73227E9345300439F90 /* MaterialCommunityIcons.ttf */; };
		7A84C74727E9345300439F90 /* AntDesign.ttf in Resources */ = {isa = PBXBuildFile; fileRef = 7A84C73727E9345300439F90 /* AntDesign.ttf */; };
		7A84C74827E9345300439F90 /* FontAwesome5_Brands.ttf in Resources */ = {isa = PBXBuildFile; fileRef = 7A84C73827E9345300439F90 /* FontAwesome5_Brands.ttf */; };
		7A84C74927E9345300439F90 /* Zocial.ttf in Resources */ = {isa = PBXBuildFile; fileRef = 7A84C73927E9345300439F90 /* Zocial.ttf */; };
		7A84C75E27E9353700439F90 /* SimpleLineIcons.ttf in Resources */ = {isa = PBXBuildFile; fileRef = 7A84C74E27E9353700439F90 /* SimpleLineIcons.ttf */; };
		7A84C75F27E9353700439F90 /* SimpleLineIcons.ttf in Resources */ = {isa = PBXBuildFile; fileRef = 7A84C74E27E9353700439F90 /* SimpleLineIcons.ttf */; };
		7A84C76027E9353700439F90 /* Foundation.ttf in Resources */ = {isa = PBXBuildFile; fileRef = 7A84C74F27E9353700439F90 /* Foundation.ttf */; };
		7A84C76127E9353700439F90 /* Foundation.ttf in Resources */ = {isa = PBXBuildFile; fileRef = 7A84C74F27E9353700439F90 /* Foundation.ttf */; };
		7A84C76227E9353700439F90 /* Feather.ttf in Resources */ = {isa = PBXBuildFile; fileRef = 7A84C75027E9353700439F90 /* Feather.ttf */; };
		7A84C76327E9353700439F90 /* Feather.ttf in Resources */ = {isa = PBXBuildFile; fileRef = 7A84C75027E9353700439F90 /* Feather.ttf */; };
		7A84C76427E9353700439F90 /* Entypo.ttf in Resources */ = {isa = PBXBuildFile; fileRef = 7A84C75127E9353700439F90 /* Entypo.ttf */; };
		7A84C76527E9353700439F90 /* Entypo.ttf in Resources */ = {isa = PBXBuildFile; fileRef = 7A84C75127E9353700439F90 /* Entypo.ttf */; };
		7A84C76727E9353700439F90 /* FontAwesome5_Brands.ttf in Resources */ = {isa = PBXBuildFile; fileRef = 7A84C75227E9353700439F90 /* FontAwesome5_Brands.ttf */; };
		7A84C76927E9353700439F90 /* MaterialCommunityIcons.ttf in Resources */ = {isa = PBXBuildFile; fileRef = 7A84C75327E9353700439F90 /* MaterialCommunityIcons.ttf */; };
		7A84C76A27E9353700439F90 /* FontAwesome5_Regular.ttf in Resources */ = {isa = PBXBuildFile; fileRef = 7A84C75427E9353700439F90 /* FontAwesome5_Regular.ttf */; };
		7A84C76B27E9353700439F90 /* FontAwesome5_Regular.ttf in Resources */ = {isa = PBXBuildFile; fileRef = 7A84C75427E9353700439F90 /* FontAwesome5_Regular.ttf */; };
		7A84C76C27E9353700439F90 /* EvilIcons.ttf in Resources */ = {isa = PBXBuildFile; fileRef = 7A84C75527E9353700439F90 /* EvilIcons.ttf */; };
		7A84C76D27E9353700439F90 /* EvilIcons.ttf in Resources */ = {isa = PBXBuildFile; fileRef = 7A84C75527E9353700439F90 /* EvilIcons.ttf */; };
		7A84C76F27E9353700439F90 /* Zocial.ttf in Resources */ = {isa = PBXBuildFile; fileRef = 7A84C75627E9353700439F90 /* Zocial.ttf */; };
		7A84C77027E9353700439F90 /* FontAwesome.ttf in Resources */ = {isa = PBXBuildFile; fileRef = 7A84C75727E9353700439F90 /* FontAwesome.ttf */; };
		7A84C77127E9353700439F90 /* FontAwesome.ttf in Resources */ = {isa = PBXBuildFile; fileRef = 7A84C75727E9353700439F90 /* FontAwesome.ttf */; };
		7A84C77327E9353700439F90 /* Octicons.ttf in Resources */ = {isa = PBXBuildFile; fileRef = 7A84C75827E9353700439F90 /* Octicons.ttf */; };
		7A84C77427E9353700439F90 /* AntDesign.ttf in Resources */ = {isa = PBXBuildFile; fileRef = 7A84C75927E9353700439F90 /* AntDesign.ttf */; };
		7A84C77527E9353700439F90 /* AntDesign.ttf in Resources */ = {isa = PBXBuildFile; fileRef = 7A84C75927E9353700439F90 /* AntDesign.ttf */; };
		7A84C77627E9353700439F90 /* MaterialIcons.ttf in Resources */ = {isa = PBXBuildFile; fileRef = 7A84C75A27E9353700439F90 /* MaterialIcons.ttf */; };
		7A84C77727E9353700439F90 /* MaterialIcons.ttf in Resources */ = {isa = PBXBuildFile; fileRef = 7A84C75A27E9353700439F90 /* MaterialIcons.ttf */; };
		7A84C77827E9353700439F90 /* Fontisto.ttf in Resources */ = {isa = PBXBuildFile; fileRef = 7A84C75B27E9353700439F90 /* Fontisto.ttf */; };
		7A84C77927E9353700439F90 /* Fontisto.ttf in Resources */ = {isa = PBXBuildFile; fileRef = 7A84C75B27E9353700439F90 /* Fontisto.ttf */; };
		7A84C77B27E9353700439F90 /* FontAwesome5_Solid.ttf in Resources */ = {isa = PBXBuildFile; fileRef = 7A84C75C27E9353700439F90 /* FontAwesome5_Solid.ttf */; };
		7A84C77C27E9353700439F90 /* Ionicons.ttf in Resources */ = {isa = PBXBuildFile; fileRef = 7A84C75D27E9353700439F90 /* Ionicons.ttf */; };
		7A84C77D27E9353700439F90 /* Ionicons.ttf in Resources */ = {isa = PBXBuildFile; fileRef = 7A84C75D27E9353700439F90 /* Ionicons.ttf */; };
		7A84C79627E9372F00439F90 /* AntDesign.ttf in Sources */ = {isa = PBXBuildFile; fileRef = 7A84C79127E9368A00439F90 /* AntDesign.ttf */; };
		7A84C79727E9372F00439F90 /* Entypo.ttf in Sources */ = {isa = PBXBuildFile; fileRef = 7A84C78927E9368A00439F90 /* Entypo.ttf */; };
		7A84C79827E9372F00439F90 /* EvilIcons.ttf in Sources */ = {isa = PBXBuildFile; fileRef = 7A84C78427E9368A00439F90 /* EvilIcons.ttf */; };
		7A84C79927E9372F00439F90 /* Feather.ttf in Sources */ = {isa = PBXBuildFile; fileRef = 7A84C78A27E9368A00439F90 /* Feather.ttf */; };
		7A84C79A27E9372F00439F90 /* FontAwesome.ttf in Sources */ = {isa = PBXBuildFile; fileRef = 7A84C79327E9368A00439F90 /* FontAwesome.ttf */; };
		7A84C79B27E9372F00439F90 /* FontAwesome5_Brands.ttf in Sources */ = {isa = PBXBuildFile; fileRef = 7A84C78827E9368A00439F90 /* FontAwesome5_Brands.ttf */; };
		7A84C79C27E9372F00439F90 /* FontAwesome5_Regular.ttf in Sources */ = {isa = PBXBuildFile; fileRef = 7A84C78F27E9368A00439F90 /* FontAwesome5_Regular.ttf */; };
		7A84C79D27E9372F00439F90 /* FontAwesome5_Solid.ttf in Sources */ = {isa = PBXBuildFile; fileRef = 7A84C79027E9368A00439F90 /* FontAwesome5_Solid.ttf */; };
		7A84C79E27E9372F00439F90 /* Fontisto.ttf in Sources */ = {isa = PBXBuildFile; fileRef = 7A84C78C27E9368A00439F90 /* Fontisto.ttf */; };
		7A84C79F27E9372F00439F90 /* Foundation.ttf in Sources */ = {isa = PBXBuildFile; fileRef = 7A84C78627E9368A00439F90 /* Foundation.ttf */; };
		7A84C7A027E9372F00439F90 /* Ionicons.ttf in Sources */ = {isa = PBXBuildFile; fileRef = 7A84C78E27E9368A00439F90 /* Ionicons.ttf */; };
		7A84C7A127E9372F00439F90 /* MaterialCommunityIcons.ttf in Sources */ = {isa = PBXBuildFile; fileRef = 7A84C78727E9368A00439F90 /* MaterialCommunityIcons.ttf */; };
		7A84C7A227E9372F00439F90 /* MaterialIcons.ttf in Sources */ = {isa = PBXBuildFile; fileRef = 7A84C78527E9368A00439F90 /* MaterialIcons.ttf */; };
		7A84C7A327E9372F00439F90 /* Octicons.ttf in Sources */ = {isa = PBXBuildFile; fileRef = 7A84C79227E9368A00439F90 /* Octicons.ttf */; };
		7A84C7A427E9372F00439F90 /* SimpleLineIcons.ttf in Sources */ = {isa = PBXBuildFile; fileRef = 7A84C78B27E9368A00439F90 /* SimpleLineIcons.ttf */; };
		7A84C7A527E9372F00439F90 /* Zocial.ttf in Sources */ = {isa = PBXBuildFile; fileRef = 7A84C78D27E9368A00439F90 /* Zocial.ttf */; };
		7AA14EBD27E898BC000F3872 /* Zocial.ttf in Resources */ = {isa = PBXBuildFile; fileRef = 7AA14EAD27E898BC000F3872 /* Zocial.ttf */; };
		7AA14EBE27E898BC000F3872 /* Zocial.ttf in Resources */ = {isa = PBXBuildFile; fileRef = 7AA14EAD27E898BC000F3872 /* Zocial.ttf */; };
		7AA14EBF27E898BC000F3872 /* MaterialCommunityIcons.ttf in Resources */ = {isa = PBXBuildFile; fileRef = 7AA14EAE27E898BC000F3872 /* MaterialCommunityIcons.ttf */; };
		7AA14EC027E898BC000F3872 /* MaterialCommunityIcons.ttf in Resources */ = {isa = PBXBuildFile; fileRef = 7AA14EAE27E898BC000F3872 /* MaterialCommunityIcons.ttf */; };
		7AA14EC127E898BC000F3872 /* Feather.ttf in Resources */ = {isa = PBXBuildFile; fileRef = 7AA14EAF27E898BC000F3872 /* Feather.ttf */; };
		7AA14EC227E898BC000F3872 /* Feather.ttf in Resources */ = {isa = PBXBuildFile; fileRef = 7AA14EAF27E898BC000F3872 /* Feather.ttf */; };
		7AA14EC427E898BC000F3872 /* AntDesign.ttf in Resources */ = {isa = PBXBuildFile; fileRef = 7AA14EB027E898BC000F3872 /* AntDesign.ttf */; };
		7AA14EC527E898BC000F3872 /* Octicons.ttf in Resources */ = {isa = PBXBuildFile; fileRef = 7AA14EB127E898BC000F3872 /* Octicons.ttf */; };
		7AA14EC627E898BC000F3872 /* Octicons.ttf in Resources */ = {isa = PBXBuildFile; fileRef = 7AA14EB127E898BC000F3872 /* Octicons.ttf */; };
		7AA14EC727E898BC000F3872 /* FontAwesome5_Solid.ttf in Resources */ = {isa = PBXBuildFile; fileRef = 7AA14EB227E898BC000F3872 /* FontAwesome5_Solid.ttf */; };
		7AA14EC827E898BC000F3872 /* FontAwesome5_Solid.ttf in Resources */ = {isa = PBXBuildFile; fileRef = 7AA14EB227E898BC000F3872 /* FontAwesome5_Solid.ttf */; };
		7AA14EC927E898BC000F3872 /* Foundation.ttf in Resources */ = {isa = PBXBuildFile; fileRef = 7AA14EB327E898BC000F3872 /* Foundation.ttf */; };
		7AA14ECA27E898BC000F3872 /* Foundation.ttf in Resources */ = {isa = PBXBuildFile; fileRef = 7AA14EB327E898BC000F3872 /* Foundation.ttf */; };
		7AA14ECB27E898BC000F3872 /* Fontisto.ttf in Resources */ = {isa = PBXBuildFile; fileRef = 7AA14EB427E898BC000F3872 /* Fontisto.ttf */; };
		7AA14ECC27E898BC000F3872 /* Fontisto.ttf in Resources */ = {isa = PBXBuildFile; fileRef = 7AA14EB427E898BC000F3872 /* Fontisto.ttf */; };
		7AA14ECD27E898BC000F3872 /* Entypo.ttf in Resources */ = {isa = PBXBuildFile; fileRef = 7AA14EB527E898BC000F3872 /* Entypo.ttf */; };
		7AA14ECE27E898BC000F3872 /* Entypo.ttf in Resources */ = {isa = PBXBuildFile; fileRef = 7AA14EB527E898BC000F3872 /* Entypo.ttf */; };
		7AA14ECF27E898BC000F3872 /* FontAwesome5_Regular.ttf in Resources */ = {isa = PBXBuildFile; fileRef = 7AA14EB627E898BC000F3872 /* FontAwesome5_Regular.ttf */; };
		7AA14ED027E898BC000F3872 /* FontAwesome5_Regular.ttf in Resources */ = {isa = PBXBuildFile; fileRef = 7AA14EB627E898BC000F3872 /* FontAwesome5_Regular.ttf */; };
		7AA14ED127E898BC000F3872 /* EvilIcons.ttf in Resources */ = {isa = PBXBuildFile; fileRef = 7AA14EB727E898BC000F3872 /* EvilIcons.ttf */; };
		7AA14ED227E898BC000F3872 /* EvilIcons.ttf in Resources */ = {isa = PBXBuildFile; fileRef = 7AA14EB727E898BC000F3872 /* EvilIcons.ttf */; };
		7AA14ED327E898BC000F3872 /* FontAwesome5_Brands.ttf in Resources */ = {isa = PBXBuildFile; fileRef = 7AA14EB827E898BC000F3872 /* FontAwesome5_Brands.ttf */; };
		7AA14ED427E898BC000F3872 /* FontAwesome5_Brands.ttf in Resources */ = {isa = PBXBuildFile; fileRef = 7AA14EB827E898BC000F3872 /* FontAwesome5_Brands.ttf */; };
		7AA14ED527E898BC000F3872 /* Ionicons.ttf in Resources */ = {isa = PBXBuildFile; fileRef = 7AA14EB927E898BC000F3872 /* Ionicons.ttf */; };
		7AA14ED627E898BC000F3872 /* Ionicons.ttf in Resources */ = {isa = PBXBuildFile; fileRef = 7AA14EB927E898BC000F3872 /* Ionicons.ttf */; };
		7AA14ED727E898BC000F3872 /* MaterialIcons.ttf in Resources */ = {isa = PBXBuildFile; fileRef = 7AA14EBA27E898BC000F3872 /* MaterialIcons.ttf */; };
		7AA14ED827E898BC000F3872 /* MaterialIcons.ttf in Resources */ = {isa = PBXBuildFile; fileRef = 7AA14EBA27E898BC000F3872 /* MaterialIcons.ttf */; };
		7AA14ED927E898BC000F3872 /* FontAwesome.ttf in Resources */ = {isa = PBXBuildFile; fileRef = 7AA14EBB27E898BC000F3872 /* FontAwesome.ttf */; };
		7AA14EDA27E898BC000F3872 /* FontAwesome.ttf in Resources */ = {isa = PBXBuildFile; fileRef = 7AA14EBB27E898BC000F3872 /* FontAwesome.ttf */; };
		7AA14EDB27E898BC000F3872 /* SimpleLineIcons.ttf in Resources */ = {isa = PBXBuildFile; fileRef = 7AA14EBC27E898BC000F3872 /* SimpleLineIcons.ttf */; };
		7AA14EDC27E898BC000F3872 /* SimpleLineIcons.ttf in Resources */ = {isa = PBXBuildFile; fileRef = 7AA14EBC27E898BC000F3872 /* SimpleLineIcons.ttf */; };
		81AB9BB82411601600AC10FF /* LaunchScreen.storyboard in Resources */ = {isa = PBXBuildFile; fileRef = 81AB9BB72411601600AC10FF /* LaunchScreen.storyboard */; };
/* End PBXBuildFile section */

/* Begin PBXContainerItemProxy section */
		00E356F41AD99517003FC87E /* PBXContainerItemProxy */ = {
			isa = PBXContainerItemProxy;
			containerPortal = 83CBB9F71A601CBA00E9B192 /* Project object */;
			proxyType = 1;
			remoteGlobalIDString = 13B07F861A680F5B00A75B9A;
			remoteInfo = TreeTask;
		};
/* End PBXContainerItemProxy section */

/* Begin PBXFileReference section */
		00E356EE1AD99517003FC87E /* TreeTaskTests.xctest */ = {isa = PBXFileReference; explicitFileType = wrapper.cfbundle; includeInIndex = 0; path = TreeTaskTests.xctest; sourceTree = BUILT_PRODUCTS_DIR; };
		00E356F11AD99517003FC87E /* Info.plist */ = {isa = PBXFileReference; lastKnownFileType = text.plist.xml; path = Info.plist; sourceTree = "<group>"; };
		00E356F21AD99517003FC87E /* TreeTaskTests.m */ = {isa = PBXFileReference; lastKnownFileType = sourcecode.c.objc; path = TreeTaskTests.m; sourceTree = "<group>"; };
		13B07F961A680F5B00A75B9A /* TreeTask.app */ = {isa = PBXFileReference; explicitFileType = wrapper.application; includeInIndex = 0; path = TreeTask.app; sourceTree = BUILT_PRODUCTS_DIR; };
		13B07FAF1A68108700A75B9A /* AppDelegate.h */ = {isa = PBXFileReference; fileEncoding = 4; lastKnownFileType = sourcecode.c.h; name = AppDelegate.h; path = TreeTask/AppDelegate.h; sourceTree = "<group>"; };
		13B07FB01A68108700A75B9A /* AppDelegate.m */ = {isa = PBXFileReference; fileEncoding = 4; lastKnownFileType = sourcecode.c.objc; name = AppDelegate.m; path = TreeTask/AppDelegate.m; sourceTree = "<group>"; };
		13B07FB51A68108700A75B9A /* Images.xcassets */ = {isa = PBXFileReference; lastKnownFileType = folder.assetcatalog; name = Images.xcassets; path = TreeTask/Images.xcassets; sourceTree = "<group>"; };
		13B07FB61A68108700A75B9A /* Info.plist */ = {isa = PBXFileReference; fileEncoding = 4; lastKnownFileType = text.plist.xml; name = Info.plist; path = TreeTask/Info.plist; sourceTree = "<group>"; };
		13B07FB71A68108700A75B9A /* main.m */ = {isa = PBXFileReference; fileEncoding = 4; lastKnownFileType = sourcecode.c.objc; name = main.m; path = TreeTask/main.m; sourceTree = "<group>"; };
		3421A51B67F43D9336D7D318 /* libPods-TreeTask.a */ = {isa = PBXFileReference; explicitFileType = archive.ar; includeInIndex = 0; path = "libPods-TreeTask.a"; sourceTree = BUILT_PRODUCTS_DIR; };
		5B859AAFBC5709131A52C2DF /* Pods-TreeTask.debug.xcconfig */ = {isa = PBXFileReference; includeInIndex = 1; lastKnownFileType = text.xcconfig; name = "Pods-TreeTask.debug.xcconfig"; path = "Target Support Files/Pods-TreeTask/Pods-TreeTask.debug.xcconfig"; sourceTree = "<group>"; };
		7A84C72A27E9345300439F90 /* Ionicons.ttf */ = {isa = PBXFileReference; lastKnownFileType = file; name = Ionicons.ttf; path = "../node_modules/react-native-vector-icons/Fonts/Ionicons.ttf"; sourceTree = "<group>"; };
		7A84C72B27E9345300439F90 /* FontAwesome5_Solid.ttf */ = {isa = PBXFileReference; lastKnownFileType = file; name = FontAwesome5_Solid.ttf; path = "../node_modules/react-native-vector-icons/Fonts/FontAwesome5_Solid.ttf"; sourceTree = "<group>"; };
		7A84C72C27E9345300439F90 /* Octicons.ttf */ = {isa = PBXFileReference; lastKnownFileType = file; name = Octicons.ttf; path = "../node_modules/react-native-vector-icons/Fonts/Octicons.ttf"; sourceTree = "<group>"; };
		7A84C72D27E9345300439F90 /* EvilIcons.ttf */ = {isa = PBXFileReference; lastKnownFileType = file; name = EvilIcons.ttf; path = "../node_modules/react-native-vector-icons/Fonts/EvilIcons.ttf"; sourceTree = "<group>"; };
		7A84C72E27E9345300439F90 /* FontAwesome5_Regular.ttf */ = {isa = PBXFileReference; lastKnownFileType = file; name = FontAwesome5_Regular.ttf; path = "../node_modules/react-native-vector-icons/Fonts/FontAwesome5_Regular.ttf"; sourceTree = "<group>"; };
		7A84C72F27E9345300439F90 /* SimpleLineIcons.ttf */ = {isa = PBXFileReference; lastKnownFileType = file; name = SimpleLineIcons.ttf; path = "../node_modules/react-native-vector-icons/Fonts/SimpleLineIcons.ttf"; sourceTree = "<group>"; };
		7A84C73027E9345300439F90 /* Foundation.ttf */ = {isa = PBXFileReference; lastKnownFileType = file; name = Foundation.ttf; path = "../node_modules/react-native-vector-icons/Fonts/Foundation.ttf"; sourceTree = "<group>"; };
		7A84C73127E9345300439F90 /* FontAwesome.ttf */ = {isa = PBXFileReference; lastKnownFileType = file; name = FontAwesome.ttf; path = "../node_modules/react-native-vector-icons/Fonts/FontAwesome.ttf"; sourceTree = "<group>"; };
		7A84C73227E9345300439F90 /* MaterialCommunityIcons.ttf */ = {isa = PBXFileReference; lastKnownFileType = file; name = MaterialCommunityIcons.ttf; path = "../node_modules/react-native-vector-icons/Fonts/MaterialCommunityIcons.ttf"; sourceTree = "<group>"; };
		7A84C73327E9345300439F90 /* Feather.ttf */ = {isa = PBXFileReference; lastKnownFileType = file; name = Feather.ttf; path = "../node_modules/react-native-vector-icons/Fonts/Feather.ttf"; sourceTree = "<group>"; };
		7A84C73427E9345300439F90 /* Entypo.ttf */ = {isa = PBXFileReference; lastKnownFileType = file; name = Entypo.ttf; path = "../node_modules/react-native-vector-icons/Fonts/Entypo.ttf"; sourceTree = "<group>"; };
		7A84C73527E9345300439F90 /* MaterialIcons.ttf */ = {isa = PBXFileReference; lastKnownFileType = file; name = MaterialIcons.ttf; path = "../node_modules/react-native-vector-icons/Fonts/MaterialIcons.ttf"; sourceTree = "<group>"; };
		7A84C73627E9345300439F90 /* Fontisto.ttf */ = {isa = PBXFileReference; lastKnownFileType = file; name = Fontisto.ttf; path = "../node_modules/react-native-vector-icons/Fonts/Fontisto.ttf"; sourceTree = "<group>"; };
		7A84C73727E9345300439F90 /* AntDesign.ttf */ = {isa = PBXFileReference; lastKnownFileType = file; name = AntDesign.ttf; path = "../node_modules/react-native-vector-icons/Fonts/AntDesign.ttf"; sourceTree = "<group>"; };
		7A84C73827E9345300439F90 /* FontAwesome5_Brands.ttf */ = {isa = PBXFileReference; lastKnownFileType = file; name = FontAwesome5_Brands.ttf; path = "../node_modules/react-native-vector-icons/Fonts/FontAwesome5_Brands.ttf"; sourceTree = "<group>"; };
		7A84C73927E9345300439F90 /* Zocial.ttf */ = {isa = PBXFileReference; lastKnownFileType = file; name = Zocial.ttf; path = "../node_modules/react-native-vector-icons/Fonts/Zocial.ttf"; sourceTree = "<group>"; };
		7A84C74E27E9353700439F90 /* SimpleLineIcons.ttf */ = {isa = PBXFileReference; lastKnownFileType = file; name = SimpleLineIcons.ttf; path = "../node_modules/react-native-vector-icons/Fonts/SimpleLineIcons.ttf"; sourceTree = "<group>"; };
		7A84C74F27E9353700439F90 /* Foundation.ttf */ = {isa = PBXFileReference; lastKnownFileType = file; name = Foundation.ttf; path = "../node_modules/react-native-vector-icons/Fonts/Foundation.ttf"; sourceTree = "<group>"; };
		7A84C75027E9353700439F90 /* Feather.ttf */ = {isa = PBXFileReference; lastKnownFileType = file; name = Feather.ttf; path = "../node_modules/react-native-vector-icons/Fonts/Feather.ttf"; sourceTree = "<group>"; };
		7A84C75127E9353700439F90 /* Entypo.ttf */ = {isa = PBXFileReference; lastKnownFileType = file; name = Entypo.ttf; path = "../node_modules/react-native-vector-icons/Fonts/Entypo.ttf"; sourceTree = "<group>"; };
		7A84C75227E9353700439F90 /* FontAwesome5_Brands.ttf */ = {isa = PBXFileReference; lastKnownFileType = file; name = FontAwesome5_Brands.ttf; path = "../node_modules/react-native-vector-icons/Fonts/FontAwesome5_Brands.ttf"; sourceTree = "<group>"; };
		7A84C75327E9353700439F90 /* MaterialCommunityIcons.ttf */ = {isa = PBXFileReference; lastKnownFileType = file; name = MaterialCommunityIcons.ttf; path = "../node_modules/react-native-vector-icons/Fonts/MaterialCommunityIcons.ttf"; sourceTree = "<group>"; };
		7A84C75427E9353700439F90 /* FontAwesome5_Regular.ttf */ = {isa = PBXFileReference; lastKnownFileType = file; name = FontAwesome5_Regular.ttf; path = "../node_modules/react-native-vector-icons/Fonts/FontAwesome5_Regular.ttf"; sourceTree = "<group>"; };
		7A84C75527E9353700439F90 /* EvilIcons.ttf */ = {isa = PBXFileReference; lastKnownFileType = file; name = EvilIcons.ttf; path = "../node_modules/react-native-vector-icons/Fonts/EvilIcons.ttf"; sourceTree = "<group>"; };
		7A84C75627E9353700439F90 /* Zocial.ttf */ = {isa = PBXFileReference; lastKnownFileType = file; name = Zocial.ttf; path = "../node_modules/react-native-vector-icons/Fonts/Zocial.ttf"; sourceTree = "<group>"; };
		7A84C75727E9353700439F90 /* FontAwesome.ttf */ = {isa = PBXFileReference; lastKnownFileType = file; name = FontAwesome.ttf; path = "../node_modules/react-native-vector-icons/Fonts/FontAwesome.ttf"; sourceTree = "<group>"; };
		7A84C75827E9353700439F90 /* Octicons.ttf */ = {isa = PBXFileReference; lastKnownFileType = file; name = Octicons.ttf; path = "../node_modules/react-native-vector-icons/Fonts/Octicons.ttf"; sourceTree = "<group>"; };
		7A84C75927E9353700439F90 /* AntDesign.ttf */ = {isa = PBXFileReference; lastKnownFileType = file; name = AntDesign.ttf; path = "../node_modules/react-native-vector-icons/Fonts/AntDesign.ttf"; sourceTree = "<group>"; };
		7A84C75A27E9353700439F90 /* MaterialIcons.ttf */ = {isa = PBXFileReference; lastKnownFileType = file; name = MaterialIcons.ttf; path = "../node_modules/react-native-vector-icons/Fonts/MaterialIcons.ttf"; sourceTree = "<group>"; };
		7A84C75B27E9353700439F90 /* Fontisto.ttf */ = {isa = PBXFileReference; lastKnownFileType = file; name = Fontisto.ttf; path = "../node_modules/react-native-vector-icons/Fonts/Fontisto.ttf"; sourceTree = "<group>"; };
		7A84C75C27E9353700439F90 /* FontAwesome5_Solid.ttf */ = {isa = PBXFileReference; lastKnownFileType = file; name = FontAwesome5_Solid.ttf; path = "../node_modules/react-native-vector-icons/Fonts/FontAwesome5_Solid.ttf"; sourceTree = "<group>"; };
		7A84C75D27E9353700439F90 /* Ionicons.ttf */ = {isa = PBXFileReference; lastKnownFileType = file; name = Ionicons.ttf; path = "../node_modules/react-native-vector-icons/Fonts/Ionicons.ttf"; sourceTree = "<group>"; };
		7A84C78427E9368A00439F90 /* EvilIcons.ttf */ = {isa = PBXFileReference; lastKnownFileType = file; name = EvilIcons.ttf; path = "../node_modules/react-native-vector-icons/Fonts/EvilIcons.ttf"; sourceTree = "<group>"; };
		7A84C78527E9368A00439F90 /* MaterialIcons.ttf */ = {isa = PBXFileReference; lastKnownFileType = file; name = MaterialIcons.ttf; path = "../node_modules/react-native-vector-icons/Fonts/MaterialIcons.ttf"; sourceTree = "<group>"; };
		7A84C78627E9368A00439F90 /* Foundation.ttf */ = {isa = PBXFileReference; lastKnownFileType = file; name = Foundation.ttf; path = "../node_modules/react-native-vector-icons/Fonts/Foundation.ttf"; sourceTree = "<group>"; };
		7A84C78727E9368A00439F90 /* MaterialCommunityIcons.ttf */ = {isa = PBXFileReference; lastKnownFileType = file; name = MaterialCommunityIcons.ttf; path = "../node_modules/react-native-vector-icons/Fonts/MaterialCommunityIcons.ttf"; sourceTree = "<group>"; };
		7A84C78827E9368A00439F90 /* FontAwesome5_Brands.ttf */ = {isa = PBXFileReference; lastKnownFileType = file; name = FontAwesome5_Brands.ttf; path = "../node_modules/react-native-vector-icons/Fonts/FontAwesome5_Brands.ttf"; sourceTree = "<group>"; };
		7A84C78927E9368A00439F90 /* Entypo.ttf */ = {isa = PBXFileReference; lastKnownFileType = file; name = Entypo.ttf; path = "../node_modules/react-native-vector-icons/Fonts/Entypo.ttf"; sourceTree = "<group>"; };
		7A84C78A27E9368A00439F90 /* Feather.ttf */ = {isa = PBXFileReference; lastKnownFileType = file; name = Feather.ttf; path = "../node_modules/react-native-vector-icons/Fonts/Feather.ttf"; sourceTree = "<group>"; };
		7A84C78B27E9368A00439F90 /* SimpleLineIcons.ttf */ = {isa = PBXFileReference; lastKnownFileType = file; name = SimpleLineIcons.ttf; path = "../node_modules/react-native-vector-icons/Fonts/SimpleLineIcons.ttf"; sourceTree = "<group>"; };
		7A84C78C27E9368A00439F90 /* Fontisto.ttf */ = {isa = PBXFileReference; lastKnownFileType = file; name = Fontisto.ttf; path = "../node_modules/react-native-vector-icons/Fonts/Fontisto.ttf"; sourceTree = "<group>"; };
		7A84C78D27E9368A00439F90 /* Zocial.ttf */ = {isa = PBXFileReference; lastKnownFileType = file; name = Zocial.ttf; path = "../node_modules/react-native-vector-icons/Fonts/Zocial.ttf"; sourceTree = "<group>"; };
		7A84C78E27E9368A00439F90 /* Ionicons.ttf */ = {isa = PBXFileReference; lastKnownFileType = file; name = Ionicons.ttf; path = "../node_modules/react-native-vector-icons/Fonts/Ionicons.ttf"; sourceTree = "<group>"; };
		7A84C78F27E9368A00439F90 /* FontAwesome5_Regular.ttf */ = {isa = PBXFileReference; lastKnownFileType = file; name = FontAwesome5_Regular.ttf; path = "../node_modules/react-native-vector-icons/Fonts/FontAwesome5_Regular.ttf"; sourceTree = "<group>"; };
		7A84C79027E9368A00439F90 /* FontAwesome5_Solid.ttf */ = {isa = PBXFileReference; lastKnownFileType = file; name = FontAwesome5_Solid.ttf; path = "../node_modules/react-native-vector-icons/Fonts/FontAwesome5_Solid.ttf"; sourceTree = "<group>"; };
		7A84C79127E9368A00439F90 /* AntDesign.ttf */ = {isa = PBXFileReference; lastKnownFileType = file; name = AntDesign.ttf; path = "../node_modules/react-native-vector-icons/Fonts/AntDesign.ttf"; sourceTree = "<group>"; };
		7A84C79227E9368A00439F90 /* Octicons.ttf */ = {isa = PBXFileReference; lastKnownFileType = file; name = Octicons.ttf; path = "../node_modules/react-native-vector-icons/Fonts/Octicons.ttf"; sourceTree = "<group>"; };
		7A84C79327E9368A00439F90 /* FontAwesome.ttf */ = {isa = PBXFileReference; lastKnownFileType = file; name = FontAwesome.ttf; path = "../node_modules/react-native-vector-icons/Fonts/FontAwesome.ttf"; sourceTree = "<group>"; };
		7AA14EAD27E898BC000F3872 /* Zocial.ttf */ = {isa = PBXFileReference; lastKnownFileType = file; name = Zocial.ttf; path = "../node_modules/react-native-vector-icons/Fonts/Zocial.ttf"; sourceTree = "<group>"; };
		7AA14EAE27E898BC000F3872 /* MaterialCommunityIcons.ttf */ = {isa = PBXFileReference; lastKnownFileType = file; name = MaterialCommunityIcons.ttf; path = "../node_modules/react-native-vector-icons/Fonts/MaterialCommunityIcons.ttf"; sourceTree = "<group>"; };
		7AA14EAF27E898BC000F3872 /* Feather.ttf */ = {isa = PBXFileReference; lastKnownFileType = file; name = Feather.ttf; path = "../node_modules/react-native-vector-icons/Fonts/Feather.ttf"; sourceTree = "<group>"; };
		7AA14EB027E898BC000F3872 /* AntDesign.ttf */ = {isa = PBXFileReference; lastKnownFileType = file; name = AntDesign.ttf; path = "../node_modules/react-native-vector-icons/Fonts/AntDesign.ttf"; sourceTree = "<group>"; };
		7AA14EB127E898BC000F3872 /* Octicons.ttf */ = {isa = PBXFileReference; lastKnownFileType = file; name = Octicons.ttf; path = "../node_modules/react-native-vector-icons/Fonts/Octicons.ttf"; sourceTree = "<group>"; };
		7AA14EB227E898BC000F3872 /* FontAwesome5_Solid.ttf */ = {isa = PBXFileReference; lastKnownFileType = file; name = FontAwesome5_Solid.ttf; path = "../node_modules/react-native-vector-icons/Fonts/FontAwesome5_Solid.ttf"; sourceTree = "<group>"; };
		7AA14EB327E898BC000F3872 /* Foundation.ttf */ = {isa = PBXFileReference; lastKnownFileType = file; name = Foundation.ttf; path = "../node_modules/react-native-vector-icons/Fonts/Foundation.ttf"; sourceTree = "<group>"; };
		7AA14EB427E898BC000F3872 /* Fontisto.ttf */ = {isa = PBXFileReference; lastKnownFileType = file; name = Fontisto.ttf; path = "../node_modules/react-native-vector-icons/Fonts/Fontisto.ttf"; sourceTree = "<group>"; };
		7AA14EB527E898BC000F3872 /* Entypo.ttf */ = {isa = PBXFileReference; lastKnownFileType = file; name = Entypo.ttf; path = "../node_modules/react-native-vector-icons/Fonts/Entypo.ttf"; sourceTree = "<group>"; };
		7AA14EB627E898BC000F3872 /* FontAwesome5_Regular.ttf */ = {isa = PBXFileReference; lastKnownFileType = file; name = FontAwesome5_Regular.ttf; path = "../node_modules/react-native-vector-icons/Fonts/FontAwesome5_Regular.ttf"; sourceTree = "<group>"; };
		7AA14EB727E898BC000F3872 /* EvilIcons.ttf */ = {isa = PBXFileReference; lastKnownFileType = file; name = EvilIcons.ttf; path = "../node_modules/react-native-vector-icons/Fonts/EvilIcons.ttf"; sourceTree = "<group>"; };
		7AA14EB827E898BC000F3872 /* FontAwesome5_Brands.ttf */ = {isa = PBXFileReference; lastKnownFileType = file; name = FontAwesome5_Brands.ttf; path = "../node_modules/react-native-vector-icons/Fonts/FontAwesome5_Brands.ttf"; sourceTree = "<group>"; };
		7AA14EB927E898BC000F3872 /* Ionicons.ttf */ = {isa = PBXFileReference; lastKnownFileType = file; name = Ionicons.ttf; path = "../node_modules/react-native-vector-icons/Fonts/Ionicons.ttf"; sourceTree = "<group>"; };
		7AA14EBA27E898BC000F3872 /* MaterialIcons.ttf */ = {isa = PBXFileReference; lastKnownFileType = file; name = MaterialIcons.ttf; path = "../node_modules/react-native-vector-icons/Fonts/MaterialIcons.ttf"; sourceTree = "<group>"; };
		7AA14EBB27E898BC000F3872 /* FontAwesome.ttf */ = {isa = PBXFileReference; lastKnownFileType = file; name = FontAwesome.ttf; path = "../node_modules/react-native-vector-icons/Fonts/FontAwesome.ttf"; sourceTree = "<group>"; };
		7AA14EBC27E898BC000F3872 /* SimpleLineIcons.ttf */ = {isa = PBXFileReference; lastKnownFileType = file; name = SimpleLineIcons.ttf; path = "../node_modules/react-native-vector-icons/Fonts/SimpleLineIcons.ttf"; sourceTree = "<group>"; };
		81AB9BB72411601600AC10FF /* LaunchScreen.storyboard */ = {isa = PBXFileReference; fileEncoding = 4; lastKnownFileType = file.storyboard; name = LaunchScreen.storyboard; path = TreeTask/LaunchScreen.storyboard; sourceTree = "<group>"; };
		BBB257013EAA4703E01BF401 /* libPods-TreeTask-TreeTaskTests.a */ = {isa = PBXFileReference; explicitFileType = archive.ar; includeInIndex = 0; path = "libPods-TreeTask-TreeTaskTests.a"; sourceTree = BUILT_PRODUCTS_DIR; };
		BC773EE98A50F87246B0D807 /* Pods-TreeTask.release.xcconfig */ = {isa = PBXFileReference; includeInIndex = 1; lastKnownFileType = text.xcconfig; name = "Pods-TreeTask.release.xcconfig"; path = "Target Support Files/Pods-TreeTask/Pods-TreeTask.release.xcconfig"; sourceTree = "<group>"; };
		C6B955E4987E70AADC80A7D6 /* Pods-TreeTask-TreeTaskTests.debug.xcconfig */ = {isa = PBXFileReference; includeInIndex = 1; lastKnownFileType = text.xcconfig; name = "Pods-TreeTask-TreeTaskTests.debug.xcconfig"; path = "Target Support Files/Pods-TreeTask-TreeTaskTests/Pods-TreeTask-TreeTaskTests.debug.xcconfig"; sourceTree = "<group>"; };
		E9E9355A1C4A00D99BD629CB /* Pods-TreeTask-TreeTaskTests.release.xcconfig */ = {isa = PBXFileReference; includeInIndex = 1; lastKnownFileType = text.xcconfig; name = "Pods-TreeTask-TreeTaskTests.release.xcconfig"; path = "Target Support Files/Pods-TreeTask-TreeTaskTests/Pods-TreeTask-TreeTaskTests.release.xcconfig"; sourceTree = "<group>"; };
		ED297162215061F000B7C4FE /* JavaScriptCore.framework */ = {isa = PBXFileReference; lastKnownFileType = wrapper.framework; name = JavaScriptCore.framework; path = System/Library/Frameworks/JavaScriptCore.framework; sourceTree = SDKROOT; };
/* End PBXFileReference section */

/* Begin PBXFrameworksBuildPhase section */
		00E356EB1AD99517003FC87E /* Frameworks */ = {
			isa = PBXFrameworksBuildPhase;
			buildActionMask = 2147483647;
			files = (
				3167637B7225057D27002B20 /* libPods-TreeTask-TreeTaskTests.a in Frameworks */,
			);
			runOnlyForDeploymentPostprocessing = 0;
		};
		13B07F8C1A680F5B00A75B9A /* Frameworks */ = {
			isa = PBXFrameworksBuildPhase;
			buildActionMask = 2147483647;
			files = (
				1366385BD9685BB7AE9B882F /* libPods-TreeTask.a in Frameworks */,
			);
			runOnlyForDeploymentPostprocessing = 0;
		};
/* End PBXFrameworksBuildPhase section */

/* Begin PBXGroup section */
		00E356EF1AD99517003FC87E /* TreeTaskTests */ = {
			isa = PBXGroup;
			children = (
				00E356F21AD99517003FC87E /* TreeTaskTests.m */,
				00E356F01AD99517003FC87E /* Supporting Files */,
			);
			path = TreeTaskTests;
			sourceTree = "<group>";
		};
		00E356F01AD99517003FC87E /* Supporting Files */ = {
			isa = PBXGroup;
			children = (
				00E356F11AD99517003FC87E /* Info.plist */,
			);
			name = "Supporting Files";
			sourceTree = "<group>";
		};
		13B07FAE1A68108700A75B9A /* TreeTask */ = {
			isa = PBXGroup;
			children = (
				7AA14EAA27E896C1000F3872 /* Fonts */,
				13B07FAF1A68108700A75B9A /* AppDelegate.h */,
				13B07FB01A68108700A75B9A /* AppDelegate.m */,
				13B07FB51A68108700A75B9A /* Images.xcassets */,
				13B07FB61A68108700A75B9A /* Info.plist */,
				81AB9BB72411601600AC10FF /* LaunchScreen.storyboard */,
				13B07FB71A68108700A75B9A /* main.m */,
			);
			name = TreeTask;
			sourceTree = "<group>";
		};
		2D16E6871FA4F8E400B85C8A /* Frameworks */ = {
			isa = PBXGroup;
			children = (
				ED297162215061F000B7C4FE /* JavaScriptCore.framework */,
				3421A51B67F43D9336D7D318 /* libPods-TreeTask.a */,
				BBB257013EAA4703E01BF401 /* libPods-TreeTask-TreeTaskTests.a */,
			);
			name = Frameworks;
			sourceTree = "<group>";
		};
		4BD84C69DA6B1D6C8D9BD47E /* Pods */ = {
			isa = PBXGroup;
			children = (
				5B859AAFBC5709131A52C2DF /* Pods-TreeTask.debug.xcconfig */,
				BC773EE98A50F87246B0D807 /* Pods-TreeTask.release.xcconfig */,
				C6B955E4987E70AADC80A7D6 /* Pods-TreeTask-TreeTaskTests.debug.xcconfig */,
				E9E9355A1C4A00D99BD629CB /* Pods-TreeTask-TreeTaskTests.release.xcconfig */,
			);
			path = Pods;
			sourceTree = "<group>";
		};
		7AA14EAA27E896C1000F3872 /* Fonts */ = {
			isa = PBXGroup;
			children = (
				7A84C75927E9353700439F90 /* AntDesign.ttf */,
				7A84C75127E9353700439F90 /* Entypo.ttf */,
				7A84C75527E9353700439F90 /* EvilIcons.ttf */,
				7A84C75027E9353700439F90 /* Feather.ttf */,
				7A84C75727E9353700439F90 /* FontAwesome.ttf */,
				7A84C75227E9353700439F90 /* FontAwesome5_Brands.ttf */,
				7A84C75427E9353700439F90 /* FontAwesome5_Regular.ttf */,
				7A84C75C27E9353700439F90 /* FontAwesome5_Solid.ttf */,
				7A84C75B27E9353700439F90 /* Fontisto.ttf */,
				7A84C74F27E9353700439F90 /* Foundation.ttf */,
				7A84C75D27E9353700439F90 /* Ionicons.ttf */,
				7A84C75327E9353700439F90 /* MaterialCommunityIcons.ttf */,
				7A84C75A27E9353700439F90 /* MaterialIcons.ttf */,
				7A84C75827E9353700439F90 /* Octicons.ttf */,
				7A84C74E27E9353700439F90 /* SimpleLineIcons.ttf */,
				7A84C75627E9353700439F90 /* Zocial.ttf */,
				7A84C73727E9345300439F90 /* AntDesign.ttf */,
				7A84C73427E9345300439F90 /* Entypo.ttf */,
				7A84C72D27E9345300439F90 /* EvilIcons.ttf */,
				7A84C73327E9345300439F90 /* Feather.ttf */,
				7A84C73127E9345300439F90 /* FontAwesome.ttf */,
				7A84C73827E9345300439F90 /* FontAwesome5_Brands.ttf */,
				7A84C72E27E9345300439F90 /* FontAwesome5_Regular.ttf */,
				7A84C72B27E9345300439F90 /* FontAwesome5_Solid.ttf */,
				7A84C73627E9345300439F90 /* Fontisto.ttf */,
				7A84C73027E9345300439F90 /* Foundation.ttf */,
				7A84C72A27E9345300439F90 /* Ionicons.ttf */,
				7A84C73227E9345300439F90 /* MaterialCommunityIcons.ttf */,
				7A84C73527E9345300439F90 /* MaterialIcons.ttf */,
				7A84C72C27E9345300439F90 /* Octicons.ttf */,
				7A84C72F27E9345300439F90 /* SimpleLineIcons.ttf */,
				7A84C73927E9345300439F90 /* Zocial.ttf */,
				7AA14EB027E898BC000F3872 /* AntDesign.ttf */,
				7AA14EB527E898BC000F3872 /* Entypo.ttf */,
				7AA14EB727E898BC000F3872 /* EvilIcons.ttf */,
				7AA14EAF27E898BC000F3872 /* Feather.ttf */,
				7AA14EBB27E898BC000F3872 /* FontAwesome.ttf */,
				7AA14EB827E898BC000F3872 /* FontAwesome5_Brands.ttf */,
				7AA14EB627E898BC000F3872 /* FontAwesome5_Regular.ttf */,
				7AA14EB227E898BC000F3872 /* FontAwesome5_Solid.ttf */,
				7AA14EB427E898BC000F3872 /* Fontisto.ttf */,
				7AA14EB327E898BC000F3872 /* Foundation.ttf */,
				7AA14EB927E898BC000F3872 /* Ionicons.ttf */,
				7AA14EAE27E898BC000F3872 /* MaterialCommunityIcons.ttf */,
				7AA14EBA27E898BC000F3872 /* MaterialIcons.ttf */,
				7AA14EB127E898BC000F3872 /* Octicons.ttf */,
				7AA14EBC27E898BC000F3872 /* SimpleLineIcons.ttf */,
				7AA14EAD27E898BC000F3872 /* Zocial.ttf */,
			);
			name = Fonts;
			sourceTree = "<group>";
		};
		832341AE1AAA6A7D00B99B32 /* Libraries */ = {
			isa = PBXGroup;
			children = (
			);
			name = Libraries;
			sourceTree = "<group>";
		};
		83CBB9F61A601CBA00E9B192 = {
			isa = PBXGroup;
			children = (
				7A84C79127E9368A00439F90 /* AntDesign.ttf */,
				7A84C78927E9368A00439F90 /* Entypo.ttf */,
				7A84C78427E9368A00439F90 /* EvilIcons.ttf */,
				7A84C78A27E9368A00439F90 /* Feather.ttf */,
				7A84C79327E9368A00439F90 /* FontAwesome.ttf */,
				7A84C78827E9368A00439F90 /* FontAwesome5_Brands.ttf */,
				7A84C78F27E9368A00439F90 /* FontAwesome5_Regular.ttf */,
				7A84C79027E9368A00439F90 /* FontAwesome5_Solid.ttf */,
				7A84C78C27E9368A00439F90 /* Fontisto.ttf */,
				7A84C78627E9368A00439F90 /* Foundation.ttf */,
				7A84C78E27E9368A00439F90 /* Ionicons.ttf */,
				7A84C78727E9368A00439F90 /* MaterialCommunityIcons.ttf */,
				7A84C78527E9368A00439F90 /* MaterialIcons.ttf */,
				7A84C79227E9368A00439F90 /* Octicons.ttf */,
				7A84C78B27E9368A00439F90 /* SimpleLineIcons.ttf */,
				7A84C78D27E9368A00439F90 /* Zocial.ttf */,
				13B07FAE1A68108700A75B9A /* TreeTask */,
				832341AE1AAA6A7D00B99B32 /* Libraries */,
				00E356EF1AD99517003FC87E /* TreeTaskTests */,
				83CBBA001A601CBA00E9B192 /* Products */,
				2D16E6871FA4F8E400B85C8A /* Frameworks */,
				4BD84C69DA6B1D6C8D9BD47E /* Pods */,
			);
			indentWidth = 2;
			sourceTree = "<group>";
			tabWidth = 2;
			usesTabs = 0;
		};
		83CBBA001A601CBA00E9B192 /* Products */ = {
			isa = PBXGroup;
			children = (
				13B07F961A680F5B00A75B9A /* TreeTask.app */,
				00E356EE1AD99517003FC87E /* TreeTaskTests.xctest */,
			);
			name = Products;
			sourceTree = "<group>";
		};
/* End PBXGroup section */

/* Begin PBXNativeTarget section */
		00E356ED1AD99517003FC87E /* TreeTaskTests */ = {
			isa = PBXNativeTarget;
			buildConfigurationList = 00E357021AD99517003FC87E /* Build configuration list for PBXNativeTarget "TreeTaskTests" */;
			buildPhases = (
				27DE1CE80971C2CC95BC2802 /* [CP] Check Pods Manifest.lock */,
				00E356EA1AD99517003FC87E /* Sources */,
				00E356EB1AD99517003FC87E /* Frameworks */,
				00E356EC1AD99517003FC87E /* Resources */,
				4E1EF0023E09D995CF5DC290 /* [CP] Copy Pods Resources */,
			);
			buildRules = (
			);
			dependencies = (
				00E356F51AD99517003FC87E /* PBXTargetDependency */,
			);
			name = TreeTaskTests;
			productName = TreeTaskTests;
			productReference = 00E356EE1AD99517003FC87E /* TreeTaskTests.xctest */;
			productType = "com.apple.product-type.bundle.unit-test";
		};
		13B07F861A680F5B00A75B9A /* TreeTask */ = {
			isa = PBXNativeTarget;
			buildConfigurationList = 13B07F931A680F5B00A75B9A /* Build configuration list for PBXNativeTarget "TreeTask" */;
			buildPhases = (
				B68439B79C72A7A367813EAB /* [CP] Check Pods Manifest.lock */,
				FD10A7F022414F080027D42C /* Start Packager */,
				13B07F871A680F5B00A75B9A /* Sources */,
				13B07F8C1A680F5B00A75B9A /* Frameworks */,
				13B07F8E1A680F5B00A75B9A /* Resources */,
				00DD1BFF1BD5951E006B06BC /* Bundle React Native code and images */,
				1BCC870DBCFE956974E14EA0 /* [CP] Copy Pods Resources */,
			);
			buildRules = (
			);
			dependencies = (
			);
			name = TreeTask;
			productName = TreeTask;
			productReference = 13B07F961A680F5B00A75B9A /* TreeTask.app */;
			productType = "com.apple.product-type.application";
		};
/* End PBXNativeTarget section */

/* Begin PBXProject section */
		83CBB9F71A601CBA00E9B192 /* Project object */ = {
			isa = PBXProject;
			attributes = {
				LastUpgradeCheck = 1210;
				TargetAttributes = {
					00E356ED1AD99517003FC87E = {
						CreatedOnToolsVersion = 6.2;
						TestTargetID = 13B07F861A680F5B00A75B9A;
					};
					13B07F861A680F5B00A75B9A = {
						LastSwiftMigration = 1120;
					};
				};
			};
			buildConfigurationList = 83CBB9FA1A601CBA00E9B192 /* Build configuration list for PBXProject "TreeTask" */;
			compatibilityVersion = "Xcode 12.0";
			developmentRegion = en;
			hasScannedForEncodings = 0;
			knownRegions = (
				en,
				Base,
			);
			mainGroup = 83CBB9F61A601CBA00E9B192;
			productRefGroup = 83CBBA001A601CBA00E9B192 /* Products */;
			projectDirPath = "";
			projectRoot = "";
			targets = (
				13B07F861A680F5B00A75B9A /* TreeTask */,
				00E356ED1AD99517003FC87E /* TreeTaskTests */,
			);
		};
/* End PBXProject section */

/* Begin PBXResourcesBuildPhase section */
		00E356EC1AD99517003FC87E /* Resources */ = {
			isa = PBXResourcesBuildPhase;
			buildActionMask = 2147483647;
			files = (
				7AA14ED627E898BC000F3872 /* Ionicons.ttf in Resources */,
				7A84C77127E9353700439F90 /* FontAwesome.ttf in Resources */,
				7A84C77527E9353700439F90 /* AntDesign.ttf in Resources */,
				7AA14EC627E898BC000F3872 /* Octicons.ttf in Resources */,
				7A84C76F27E9353700439F90 /* Zocial.ttf in Resources */,
				7A84C77B27E9353700439F90 /* FontAwesome5_Solid.ttf in Resources */,
				7AA14ED227E898BC000F3872 /* EvilIcons.ttf in Resources */,
				7A84C76127E9353700439F90 /* Foundation.ttf in Resources */,
				7AA14ECA27E898BC000F3872 /* Foundation.ttf in Resources */,
				7AA14ED027E898BC000F3872 /* FontAwesome5_Regular.ttf in Resources */,
				7A84C77D27E9353700439F90 /* Ionicons.ttf in Resources */,
				7AA14EC027E898BC000F3872 /* MaterialCommunityIcons.ttf in Resources */,
				7AA14ED827E898BC000F3872 /* MaterialIcons.ttf in Resources */,
				7A84C77327E9353700439F90 /* Octicons.ttf in Resources */,
				7A84C77927E9353700439F90 /* Fontisto.ttf in Resources */,
				7AA14EBE27E898BC000F3872 /* Zocial.ttf in Resources */,
				7AA14EC827E898BC000F3872 /* FontAwesome5_Solid.ttf in Resources */,
				7A84C76B27E9353700439F90 /* FontAwesome5_Regular.ttf in Resources */,
				7A84C75F27E9353700439F90 /* SimpleLineIcons.ttf in Resources */,
				7AA14EC427E898BC000F3872 /* AntDesign.ttf in Resources */,
				7A84C76D27E9353700439F90 /* EvilIcons.ttf in Resources */,
				7A84C77727E9353700439F90 /* MaterialIcons.ttf in Resources */,
				7A84C76927E9353700439F90 /* MaterialCommunityIcons.ttf in Resources */,
				7A84C76727E9353700439F90 /* FontAwesome5_Brands.ttf in Resources */,
				7AA14ECC27E898BC000F3872 /* Fontisto.ttf in Resources */,
				7A84C76527E9353700439F90 /* Entypo.ttf in Resources */,
				7AA14EDA27E898BC000F3872 /* FontAwesome.ttf in Resources */,
				7AA14ED427E898BC000F3872 /* FontAwesome5_Brands.ttf in Resources */,
				7AA14EDC27E898BC000F3872 /* SimpleLineIcons.ttf in Resources */,
				7AA14ECE27E898BC000F3872 /* Entypo.ttf in Resources */,
				7AA14EC227E898BC000F3872 /* Feather.ttf in Resources */,
				7A84C76327E9353700439F90 /* Feather.ttf in Resources */,
			);
			runOnlyForDeploymentPostprocessing = 0;
		};
		13B07F8E1A680F5B00A75B9A /* Resources */ = {
			isa = PBXResourcesBuildPhase;
			buildActionMask = 2147483647;
			files = (
				7A84C74727E9345300439F90 /* AntDesign.ttf in Resources */,
				7A84C76427E9353700439F90 /* Entypo.ttf in Resources */,
				7A84C76C27E9353700439F90 /* EvilIcons.ttf in Resources */,
				7A84C76227E9353700439F90 /* Feather.ttf in Resources */,
				7AA14ED927E898BC000F3872 /* FontAwesome.ttf in Resources */,
				7A84C74827E9345300439F90 /* FontAwesome5_Brands.ttf in Resources */,
				7AA14ECF27E898BC000F3872 /* FontAwesome5_Regular.ttf in Resources */,
				7A84C73B27E9345300439F90 /* FontAwesome5_Solid.ttf in Resources */,
				7A84C77827E9353700439F90 /* Fontisto.ttf in Resources */,
				7AA14EC927E898BC000F3872 /* Foundation.ttf in Resources */,
				7AA14ED527E898BC000F3872 /* Ionicons.ttf in Resources */,
				7A84C74227E9345300439F90 /* MaterialCommunityIcons.ttf in Resources */,
				7AA14ED727E898BC000F3872 /* MaterialIcons.ttf in Resources */,
				7AA14EC527E898BC000F3872 /* Octicons.ttf in Resources */,
				7AA14EDB27E898BC000F3872 /* SimpleLineIcons.ttf in Resources */,
				7A84C74927E9345300439F90 /* Zocial.ttf in Resources */,
				7A84C77427E9353700439F90 /* AntDesign.ttf in Resources */,
				7A84C77C27E9353700439F90 /* Ionicons.ttf in Resources */,
				7A84C74727E9345300439F90 /* AntDesign.ttf in Resources */,
				7A84C77627E9353700439F90 /* MaterialIcons.ttf in Resources */,
				7AA14ECD27E898BC000F3872 /* Entypo.ttf in Resources */,
				7AA14EC727E898BC000F3872 /* FontAwesome5_Solid.ttf in Resources */,
				7A84C75E27E9353700439F90 /* SimpleLineIcons.ttf in Resources */,
				7AA14ECB27E898BC000F3872 /* Fontisto.ttf in Resources */,
				7A84C73B27E9345300439F90 /* FontAwesome5_Solid.ttf in Resources */,
				81AB9BB82411601600AC10FF /* LaunchScreen.storyboard in Resources */,
				7AA14EDB27E898BC000F3872 /* SimpleLineIcons.ttf in Resources */,
				7AA14ED527E898BC000F3872 /* Ionicons.ttf in Resources */,
				7AA14ED327E898BC000F3872 /* FontAwesome5_Brands.ttf in Resources */,
				7A84C77027E9353700439F90 /* FontAwesome.ttf in Resources */,
				7A84C73C27E9345300439F90 /* Octicons.ttf in Resources */,
				7A84C76A27E9353700439F90 /* FontAwesome5_Regular.ttf in Resources */,
				7A84C76027E9353700439F90 /* Foundation.ttf in Resources */,
				7A84C77827E9353700439F90 /* Fontisto.ttf in Resources */,
				7AA14EC927E898BC000F3872 /* Foundation.ttf in Resources */,
				7AA14ED727E898BC000F3872 /* MaterialIcons.ttf in Resources */,
				7AA14ECF27E898BC000F3872 /* FontAwesome5_Regular.ttf in Resources */,
				7A84C76427E9353700439F90 /* Entypo.ttf in Resources */,
				7AA14ED127E898BC000F3872 /* EvilIcons.ttf in Resources */,
				7AA14EBD27E898BC000F3872 /* Zocial.ttf in Resources */,
				7A84C76C27E9353700439F90 /* EvilIcons.ttf in Resources */,
				7AA14EC527E898BC000F3872 /* Octicons.ttf in Resources */,
				7A84C74827E9345300439F90 /* FontAwesome5_Brands.ttf in Resources */,
				7AA14EC127E898BC000F3872 /* Feather.ttf in Resources */,
				7AA14EBF27E898BC000F3872 /* MaterialCommunityIcons.ttf in Resources */,
				7A84C76227E9353700439F90 /* Feather.ttf in Resources */,
				13B07FBF1A68108700A75B9A /* Images.xcassets in Resources */,
				7A84C74227E9345300439F90 /* MaterialCommunityIcons.ttf in Resources */,
				7A84C74927E9345300439F90 /* Zocial.ttf in Resources */,
				7AA14ED927E898BC000F3872 /* FontAwesome.ttf in Resources */,
			);
			runOnlyForDeploymentPostprocessing = 0;
		};
/* End PBXResourcesBuildPhase section */

/* Begin PBXShellScriptBuildPhase section */
		00DD1BFF1BD5951E006B06BC /* Bundle React Native code and images */ = {
			isa = PBXShellScriptBuildPhase;
			buildActionMask = 2147483647;
			files = (
			);
			inputPaths = (
			);
			name = "Bundle React Native code and images";
			outputPaths = (
			);
			runOnlyForDeploymentPostprocessing = 0;
			shellPath = /bin/sh;
			shellScript = "set -e\n\nexport NODE_BINARY=node\n../node_modules/react-native/scripts/react-native-xcode.sh\n";
		};
		1BCC870DBCFE956974E14EA0 /* [CP] Copy Pods Resources */ = {
			isa = PBXShellScriptBuildPhase;
			buildActionMask = 2147483647;
			files = (
			);
			inputFileListPaths = (
				"${PODS_ROOT}/Target Support Files/Pods-TreeTask/Pods-TreeTask-resources-${CONFIGURATION}-input-files.xcfilelist",
			);
			name = "[CP] Copy Pods Resources";
			outputFileListPaths = (
				"${PODS_ROOT}/Target Support Files/Pods-TreeTask/Pods-TreeTask-resources-${CONFIGURATION}-output-files.xcfilelist",
			);
			runOnlyForDeploymentPostprocessing = 0;
			shellPath = /bin/sh;
			shellScript = "\"${PODS_ROOT}/Target Support Files/Pods-TreeTask/Pods-TreeTask-resources.sh\"\n";
			showEnvVarsInLog = 0;
		};
		27DE1CE80971C2CC95BC2802 /* [CP] Check Pods Manifest.lock */ = {
			isa = PBXShellScriptBuildPhase;
			buildActionMask = 2147483647;
			files = (
			);
			inputFileListPaths = (
			);
			inputPaths = (
				"${PODS_PODFILE_DIR_PATH}/Podfile.lock",
				"${PODS_ROOT}/Manifest.lock",
			);
			name = "[CP] Check Pods Manifest.lock";
			outputFileListPaths = (
			);
			outputPaths = (
				"$(DERIVED_FILE_DIR)/Pods-TreeTask-TreeTaskTests-checkManifestLockResult.txt",
			);
			runOnlyForDeploymentPostprocessing = 0;
			shellPath = /bin/sh;
			shellScript = "diff \"${PODS_PODFILE_DIR_PATH}/Podfile.lock\" \"${PODS_ROOT}/Manifest.lock\" > /dev/null\nif [ $? != 0 ] ; then\n    # print error to STDERR\n    echo \"error: The sandbox is not in sync with the Podfile.lock. Run 'pod install' or update your CocoaPods installation.\" >&2\n    exit 1\nfi\n# This output is used by Xcode 'outputs' to avoid re-running this script phase.\necho \"SUCCESS\" > \"${SCRIPT_OUTPUT_FILE_0}\"\n";
			showEnvVarsInLog = 0;
		};
		4E1EF0023E09D995CF5DC290 /* [CP] Copy Pods Resources */ = {
			isa = PBXShellScriptBuildPhase;
			buildActionMask = 2147483647;
			files = (
			);
			inputFileListPaths = (
				"${PODS_ROOT}/Target Support Files/Pods-TreeTask-TreeTaskTests/Pods-TreeTask-TreeTaskTests-resources-${CONFIGURATION}-input-files.xcfilelist",
			);
			name = "[CP] Copy Pods Resources";
			outputFileListPaths = (
				"${PODS_ROOT}/Target Support Files/Pods-TreeTask-TreeTaskTests/Pods-TreeTask-TreeTaskTests-resources-${CONFIGURATION}-output-files.xcfilelist",
			);
			runOnlyForDeploymentPostprocessing = 0;
			shellPath = /bin/sh;
			shellScript = "\"${PODS_ROOT}/Target Support Files/Pods-TreeTask-TreeTaskTests/Pods-TreeTask-TreeTaskTests-resources.sh\"\n";
			showEnvVarsInLog = 0;
		};
		B68439B79C72A7A367813EAB /* [CP] Check Pods Manifest.lock */ = {
			isa = PBXShellScriptBuildPhase;
			buildActionMask = 2147483647;
			files = (
			);
			inputFileListPaths = (
			);
			inputPaths = (
				"${PODS_PODFILE_DIR_PATH}/Podfile.lock",
				"${PODS_ROOT}/Manifest.lock",
			);
			name = "[CP] Check Pods Manifest.lock";
			outputFileListPaths = (
			);
			outputPaths = (
				"$(DERIVED_FILE_DIR)/Pods-TreeTask-checkManifestLockResult.txt",
			);
			runOnlyForDeploymentPostprocessing = 0;
			shellPath = /bin/sh;
			shellScript = "diff \"${PODS_PODFILE_DIR_PATH}/Podfile.lock\" \"${PODS_ROOT}/Manifest.lock\" > /dev/null\nif [ $? != 0 ] ; then\n    # print error to STDERR\n    echo \"error: The sandbox is not in sync with the Podfile.lock. Run 'pod install' or update your CocoaPods installation.\" >&2\n    exit 1\nfi\n# This output is used by Xcode 'outputs' to avoid re-running this script phase.\necho \"SUCCESS\" > \"${SCRIPT_OUTPUT_FILE_0}\"\n";
			showEnvVarsInLog = 0;
		};
		FD10A7F022414F080027D42C /* Start Packager */ = {
			isa = PBXShellScriptBuildPhase;
			buildActionMask = 2147483647;
			files = (
			);
			inputFileListPaths = (
			);
			inputPaths = (
			);
			name = "Start Packager";
			outputFileListPaths = (
			);
			outputPaths = (
			);
			runOnlyForDeploymentPostprocessing = 0;
			shellPath = /bin/sh;
			shellScript = "export RCT_METRO_PORT=\"${RCT_METRO_PORT:=8081}\"\necho \"export RCT_METRO_PORT=${RCT_METRO_PORT}\" > \"${SRCROOT}/../node_modules/react-native/scripts/.packager.env\"\nif [ -z \"${RCT_NO_LAUNCH_PACKAGER+xxx}\" ] ; then\n  if nc -w 5 -z localhost ${RCT_METRO_PORT} ; then\n    if ! curl -s \"http://localhost:${RCT_METRO_PORT}/status\" | grep -q \"packager-status:running\" ; then\n      echo \"Port ${RCT_METRO_PORT} already in use, packager is either not running or not running correctly\"\n      exit 2\n    fi\n  else\n    open \"$SRCROOT/../node_modules/react-native/scripts/launchPackager.command\" || echo \"Can't start packager automatically\"\n  fi\nfi\n";
			showEnvVarsInLog = 0;
		};
/* End PBXShellScriptBuildPhase section */

/* Begin PBXSourcesBuildPhase section */
		00E356EA1AD99517003FC87E /* Sources */ = {
			isa = PBXSourcesBuildPhase;
			buildActionMask = 2147483647;
			files = (
				00E356F31AD99517003FC87E /* TreeTaskTests.m in Sources */,
			);
			runOnlyForDeploymentPostprocessing = 0;
		};
		13B07F871A680F5B00A75B9A /* Sources */ = {
			isa = PBXSourcesBuildPhase;
			buildActionMask = 2147483647;
			files = (
				7A84C79627E9372F00439F90 /* AntDesign.ttf in Sources */,
				7A84C79727E9372F00439F90 /* Entypo.ttf in Sources */,
				7A84C79827E9372F00439F90 /* EvilIcons.ttf in Sources */,
				7A84C79927E9372F00439F90 /* Feather.ttf in Sources */,
				7A84C79A27E9372F00439F90 /* FontAwesome.ttf in Sources */,
				7A84C79B27E9372F00439F90 /* FontAwesome5_Brands.ttf in Sources */,
				7A84C79C27E9372F00439F90 /* FontAwesome5_Regular.ttf in Sources */,
				7A84C79D27E9372F00439F90 /* FontAwesome5_Solid.ttf in Sources */,
				7A84C79E27E9372F00439F90 /* Fontisto.ttf in Sources */,
				7A84C79F27E9372F00439F90 /* Foundation.ttf in Sources */,
				7A84C7A027E9372F00439F90 /* Ionicons.ttf in Sources */,
				7A84C7A127E9372F00439F90 /* MaterialCommunityIcons.ttf in Sources */,
				7A84C7A227E9372F00439F90 /* MaterialIcons.ttf in Sources */,
				7A84C7A327E9372F00439F90 /* Octicons.ttf in Sources */,
				7A84C7A427E9372F00439F90 /* SimpleLineIcons.ttf in Sources */,
				7A84C7A527E9372F00439F90 /* Zocial.ttf in Sources */,
				13B07FBC1A68108700A75B9A /* AppDelegate.m in Sources */,
				13B07FC11A68108700A75B9A /* main.m in Sources */,
			);
			runOnlyForDeploymentPostprocessing = 0;
		};
/* End PBXSourcesBuildPhase section */

/* Begin PBXTargetDependency section */
		00E356F51AD99517003FC87E /* PBXTargetDependency */ = {
			isa = PBXTargetDependency;
			target = 13B07F861A680F5B00A75B9A /* TreeTask */;
			targetProxy = 00E356F41AD99517003FC87E /* PBXContainerItemProxy */;
		};
/* End PBXTargetDependency section */

/* Begin XCBuildConfiguration section */
		00E356F61AD99517003FC87E /* Debug */ = {
			isa = XCBuildConfiguration;
			baseConfigurationReference = C6B955E4987E70AADC80A7D6 /* Pods-TreeTask-TreeTaskTests.debug.xcconfig */;
			buildSettings = {
				BUNDLE_LOADER = "$(TEST_HOST)";
				GCC_PREPROCESSOR_DEFINITIONS = (
					"DEBUG=1",
					"$(inherited)",
				);
				INFOPLIST_FILE = TreeTaskTests/Info.plist;
				IPHONEOS_DEPLOYMENT_TARGET = 10.0;
				LD_RUNPATH_SEARCH_PATHS = (
					"$(inherited)",
					"@executable_path/Frameworks",
					"@loader_path/Frameworks",
				);
				OTHER_LDFLAGS = (
					"-ObjC",
					"-lc++",
					"$(inherited)",
				);
				PRODUCT_BUNDLE_IDENTIFIER = "org.reactjs.native.example.$(PRODUCT_NAME:rfc1034identifier)";
				PRODUCT_NAME = "$(TARGET_NAME)";
				TEST_HOST = "$(BUILT_PRODUCTS_DIR)/TreeTask.app/TreeTask";
			};
			name = Debug;
		};
		00E356F71AD99517003FC87E /* Release */ = {
			isa = XCBuildConfiguration;
			baseConfigurationReference = E9E9355A1C4A00D99BD629CB /* Pods-TreeTask-TreeTaskTests.release.xcconfig */;
			buildSettings = {
				BUNDLE_LOADER = "$(TEST_HOST)";
				COPY_PHASE_STRIP = NO;
				INFOPLIST_FILE = TreeTaskTests/Info.plist;
				IPHONEOS_DEPLOYMENT_TARGET = 10.0;
				LD_RUNPATH_SEARCH_PATHS = (
					"$(inherited)",
					"@executable_path/Frameworks",
					"@loader_path/Frameworks",
				);
				OTHER_LDFLAGS = (
					"-ObjC",
					"-lc++",
					"$(inherited)",
				);
				PRODUCT_BUNDLE_IDENTIFIER = "org.reactjs.native.example.$(PRODUCT_NAME:rfc1034identifier)";
				PRODUCT_NAME = "$(TARGET_NAME)";
				TEST_HOST = "$(BUILT_PRODUCTS_DIR)/TreeTask.app/TreeTask";
			};
			name = Release;
		};
		13B07F941A680F5B00A75B9A /* Debug */ = {
			isa = XCBuildConfiguration;
			baseConfigurationReference = 5B859AAFBC5709131A52C2DF /* Pods-TreeTask.debug.xcconfig */;
			buildSettings = {
				ASSETCATALOG_COMPILER_APPICON_NAME = AppIcon;
				CLANG_ENABLE_MODULES = YES;
				CURRENT_PROJECT_VERSION = 1;
				ENABLE_BITCODE = NO;
				INFOPLIST_FILE = TreeTask/Info.plist;
				LD_RUNPATH_SEARCH_PATHS = (
					"$(inherited)",
					"@executable_path/Frameworks",
				);
				OTHER_LDFLAGS = (
					"$(inherited)",
					"-ObjC",
					"-lc++",
				);
				PRODUCT_BUNDLE_IDENTIFIER = "org.reactjs.native.example.$(PRODUCT_NAME:rfc1034identifier)";
				PRODUCT_NAME = TreeTask;
				SWIFT_OPTIMIZATION_LEVEL = "-Onone";
				SWIFT_VERSION = 5.0;
				VERSIONING_SYSTEM = "apple-generic";
			};
			name = Debug;
		};
		13B07F951A680F5B00A75B9A /* Release */ = {
			isa = XCBuildConfiguration;
			baseConfigurationReference = BC773EE98A50F87246B0D807 /* Pods-TreeTask.release.xcconfig */;
			buildSettings = {
				ASSETCATALOG_COMPILER_APPICON_NAME = AppIcon;
				CLANG_ENABLE_MODULES = YES;
				CURRENT_PROJECT_VERSION = 1;
				INFOPLIST_FILE = TreeTask/Info.plist;
				LD_RUNPATH_SEARCH_PATHS = (
					"$(inherited)",
					"@executable_path/Frameworks",
				);
				OTHER_LDFLAGS = (
					"$(inherited)",
					"-ObjC",
					"-lc++",
				);
				PRODUCT_BUNDLE_IDENTIFIER = "org.reactjs.native.example.$(PRODUCT_NAME:rfc1034identifier)";
				PRODUCT_NAME = TreeTask;
				SWIFT_VERSION = 5.0;
				VERSIONING_SYSTEM = "apple-generic";
			};
			name = Release;
		};
		83CBBA201A601CBA00E9B192 /* Debug */ = {
			isa = XCBuildConfiguration;
			buildSettings = {
				ALWAYS_SEARCH_USER_PATHS = NO;
				CLANG_ANALYZER_LOCALIZABILITY_NONLOCALIZED = YES;
				CLANG_CXX_LANGUAGE_STANDARD = "gnu++0x";
				CLANG_CXX_LIBRARY = "libc++";
				CLANG_ENABLE_MODULES = YES;
				CLANG_ENABLE_OBJC_ARC = YES;
				CLANG_WARN_BLOCK_CAPTURE_AUTORELEASING = YES;
				CLANG_WARN_BOOL_CONVERSION = YES;
				CLANG_WARN_COMMA = YES;
				CLANG_WARN_CONSTANT_CONVERSION = YES;
				CLANG_WARN_DEPRECATED_OBJC_IMPLEMENTATIONS = YES;
				CLANG_WARN_DIRECT_OBJC_ISA_USAGE = YES_ERROR;
				CLANG_WARN_EMPTY_BODY = YES;
				CLANG_WARN_ENUM_CONVERSION = YES;
				CLANG_WARN_INFINITE_RECURSION = YES;
				CLANG_WARN_INT_CONVERSION = YES;
				CLANG_WARN_NON_LITERAL_NULL_CONVERSION = YES;
				CLANG_WARN_OBJC_IMPLICIT_RETAIN_SELF = YES;
				CLANG_WARN_OBJC_LITERAL_CONVERSION = YES;
				CLANG_WARN_OBJC_ROOT_CLASS = YES_ERROR;
				CLANG_WARN_QUOTED_INCLUDE_IN_FRAMEWORK_HEADER = YES;
				CLANG_WARN_RANGE_LOOP_ANALYSIS = YES;
				CLANG_WARN_STRICT_PROTOTYPES = YES;
				CLANG_WARN_SUSPICIOUS_MOVE = YES;
				CLANG_WARN_UNREACHABLE_CODE = YES;
				CLANG_WARN__DUPLICATE_METHOD_MATCH = YES;
				"CODE_SIGN_IDENTITY[sdk=iphoneos*]" = "iPhone Developer";
				COPY_PHASE_STRIP = NO;
				ENABLE_STRICT_OBJC_MSGSEND = YES;
				ENABLE_TESTABILITY = YES;
				"EXCLUDED_ARCHS[sdk=iphonesimulator*]" = "";
				GCC_C_LANGUAGE_STANDARD = gnu99;
				GCC_DYNAMIC_NO_PIC = NO;
				GCC_NO_COMMON_BLOCKS = YES;
				GCC_OPTIMIZATION_LEVEL = 0;
				GCC_PREPROCESSOR_DEFINITIONS = (
					"DEBUG=1",
					"$(inherited)",
				);
				GCC_SYMBOLS_PRIVATE_EXTERN = NO;
				GCC_WARN_64_TO_32_BIT_CONVERSION = YES;
				GCC_WARN_ABOUT_RETURN_TYPE = YES_ERROR;
				GCC_WARN_UNDECLARED_SELECTOR = YES;
				GCC_WARN_UNINITIALIZED_AUTOS = YES_AGGRESSIVE;
				GCC_WARN_UNUSED_FUNCTION = YES;
				GCC_WARN_UNUSED_VARIABLE = YES;
				IPHONEOS_DEPLOYMENT_TARGET = 10.0;
				LD_RUNPATH_SEARCH_PATHS = (
					/usr/lib/swift,
					"$(inherited)",
				);
				LIBRARY_SEARCH_PATHS = (
					"\"$(TOOLCHAIN_DIR)/usr/lib/swift/$(PLATFORM_NAME)\"",
					"\"$(TOOLCHAIN_DIR)/usr/lib/swift-5.0/$(PLATFORM_NAME)\"",
					"\"$(inherited)\"",
				);
				MTL_ENABLE_DEBUG_INFO = YES;
				ONLY_ACTIVE_ARCH = YES;
				SDKROOT = iphoneos;
			};
			name = Debug;
		};
		83CBBA211A601CBA00E9B192 /* Release */ = {
			isa = XCBuildConfiguration;
			buildSettings = {
				ALWAYS_SEARCH_USER_PATHS = NO;
				CLANG_ANALYZER_LOCALIZABILITY_NONLOCALIZED = YES;
				CLANG_CXX_LANGUAGE_STANDARD = "gnu++0x";
				CLANG_CXX_LIBRARY = "libc++";
				CLANG_ENABLE_MODULES = YES;
				CLANG_ENABLE_OBJC_ARC = YES;
				CLANG_WARN_BLOCK_CAPTURE_AUTORELEASING = YES;
				CLANG_WARN_BOOL_CONVERSION = YES;
				CLANG_WARN_COMMA = YES;
				CLANG_WARN_CONSTANT_CONVERSION = YES;
				CLANG_WARN_DEPRECATED_OBJC_IMPLEMENTATIONS = YES;
				CLANG_WARN_DIRECT_OBJC_ISA_USAGE = YES_ERROR;
				CLANG_WARN_EMPTY_BODY = YES;
				CLANG_WARN_ENUM_CONVERSION = YES;
				CLANG_WARN_INFINITE_RECURSION = YES;
				CLANG_WARN_INT_CONVERSION = YES;
				CLANG_WARN_NON_LITERAL_NULL_CONVERSION = YES;
				CLANG_WARN_OBJC_IMPLICIT_RETAIN_SELF = YES;
				CLANG_WARN_OBJC_LITERAL_CONVERSION = YES;
				CLANG_WARN_OBJC_ROOT_CLASS = YES_ERROR;
				CLANG_WARN_QUOTED_INCLUDE_IN_FRAMEWORK_HEADER = YES;
				CLANG_WARN_RANGE_LOOP_ANALYSIS = YES;
				CLANG_WARN_STRICT_PROTOTYPES = YES;
				CLANG_WARN_SUSPICIOUS_MOVE = YES;
				CLANG_WARN_UNREACHABLE_CODE = YES;
				CLANG_WARN__DUPLICATE_METHOD_MATCH = YES;
				"CODE_SIGN_IDENTITY[sdk=iphoneos*]" = "iPhone Developer";
				COPY_PHASE_STRIP = YES;
				ENABLE_NS_ASSERTIONS = NO;
				ENABLE_STRICT_OBJC_MSGSEND = YES;
				"EXCLUDED_ARCHS[sdk=iphonesimulator*]" = "";
				GCC_C_LANGUAGE_STANDARD = gnu99;
				GCC_NO_COMMON_BLOCKS = YES;
				GCC_WARN_64_TO_32_BIT_CONVERSION = YES;
				GCC_WARN_ABOUT_RETURN_TYPE = YES_ERROR;
				GCC_WARN_UNDECLARED_SELECTOR = YES;
				GCC_WARN_UNINITIALIZED_AUTOS = YES_AGGRESSIVE;
				GCC_WARN_UNUSED_FUNCTION = YES;
				GCC_WARN_UNUSED_VARIABLE = YES;
				IPHONEOS_DEPLOYMENT_TARGET = 10.0;
				LD_RUNPATH_SEARCH_PATHS = (
					/usr/lib/swift,
					"$(inherited)",
				);
				LIBRARY_SEARCH_PATHS = (
					"\"$(TOOLCHAIN_DIR)/usr/lib/swift/$(PLATFORM_NAME)\"",
					"\"$(TOOLCHAIN_DIR)/usr/lib/swift-5.0/$(PLATFORM_NAME)\"",
					"\"$(inherited)\"",
				);
				MTL_ENABLE_DEBUG_INFO = NO;
				SDKROOT = iphoneos;
				VALIDATE_PRODUCT = YES;
			};
			name = Release;
		};
/* End XCBuildConfiguration section */

/* Begin XCConfigurationList section */
		00E357021AD99517003FC87E /* Build configuration list for PBXNativeTarget "TreeTaskTests" */ = {
			isa = XCConfigurationList;
			buildConfigurations = (
				00E356F61AD99517003FC87E /* Debug */,
				00E356F71AD99517003FC87E /* Release */,
			);
			defaultConfigurationIsVisible = 0;
			defaultConfigurationName = Release;
		};
		13B07F931A680F5B00A75B9A /* Build configuration list for PBXNativeTarget "TreeTask" */ = {
			isa = XCConfigurationList;
			buildConfigurations = (
				13B07F941A680F5B00A75B9A /* Debug */,
				13B07F951A680F5B00A75B9A /* Release */,
			);
			defaultConfigurationIsVisible = 0;
			defaultConfigurationName = Release;
		};
		83CBB9FA1A601CBA00E9B192 /* Build configuration list for PBXProject "TreeTask" */ = {
			isa = XCConfigurationList;
			buildConfigurations = (
				83CBBA201A601CBA00E9B192 /* Debug */,
				83CBBA211A601CBA00E9B192 /* Release */,
			);
			defaultConfigurationIsVisible = 0;
			defaultConfigurationName = Release;
		};
/* End XCConfigurationList section */
	};
	rootObject = 83CBB9F71A601CBA00E9B192 /* Project object */;
}
